
Microsoft Visual Studio Solution File, Format Version 12.00
# Visual Studio Version 17
VisualStudioVersion = 17.10.35013.160
MinimumVisualStudioVersion = 10.0.40219.1
Project("{2150E333-8FDC-42A3-9474-1A3956D46DE8}") = "Modules", "Modules", "{352028B1-9BD1-4CB6-8897-81FFF2065415}"
EndProject
Project("{2150E333-8FDC-42A3-9474-1A3956D46DE8}") = "Plans", "Plans", "{FEF37303-6B23-41A3-A77F-6630A8A4515D}"
EndProject
Project("{9A19103F-16F7-4668-BE54-9A1E7A4F7556}") = "Planner.Plans.Domain", "Modules\Plans\Planner.Plans.Domain\Planner.Plans.Domain.csproj", "{2703DF72-6C7C-402A-9FEF-D7ABB6066C60}"
EndProject
Project("{9A19103F-16F7-4668-BE54-9A1E7A4F7556}") = "Planner.Plans.Application", "Modules\Plans\Planner.Plans.Application\Planner.Plans.Application.csproj", "{E03BFF88-6C46-45AB-8373-AD32AEA83A78}"
EndProject
Project("{9A19103F-16F7-4668-BE54-9A1E7A4F7556}") = "Planner.Plans.Infrastructure", "Modules\Plans\Planner.Plans.Infrastructure\Planner.Plans.Infrastructure.csproj", "{27137B49-20C6-4685-B83B-0FD93D749813}"
EndProject
Project("{9A19103F-16F7-4668-BE54-9A1E7A4F7556}") = "Planner.Plans.Presentation", "Modules\Plans\Planner.Plans.Presentation\Planner.Plans.Presentation.csproj", "{5F4248B5-C52F-41F2-B190-BEC5E6AD9591}"
EndProject
Project("{E53339B2-1760-4266-BCC7-CA923CBCF16C}") = "docker-compose", "docker-compose.dcproj", "{9EA59FD0-34D9-4824-BBE1-46CC85B30A0E}"
EndProject
Project("{2150E333-8FDC-42A3-9474-1A3956D46DE8}") = "Solution Items", "Solution Items", "{22BBB5FE-170F-459D-BC09-5C5EB52848CB}"
	ProjectSection(SolutionItems) = preProject
		.editorconfig = .editorconfig
		Directory.Build.props = Directory.Build.props
	EndProjectSection
EndProject
Project("{2150E333-8FDC-42A3-9474-1A3956D46DE8}") = "API", "API", "{A06C3307-70EB-430E-8049-7FBE19916A0B}"
EndProject
Project("{9A19103F-16F7-4668-BE54-9A1E7A4F7556}") = "Planner.Api", "API\Planner.Api\Planner.Api.csproj", "{839BDCBA-3BEA-490B-8049-6663D748909C}"
EndProject
Project("{2150E333-8FDC-42A3-9474-1A3956D46DE8}") = "Common", "Common", "{4C5BE2DF-3F7A-48DD-8AD8-F8FF18D702B7}"
EndProject
Project("{9A19103F-16F7-4668-BE54-9A1E7A4F7556}") = "Planner.Common.Domain", "Common\Planner.Common.Domain\Planner.Common.Domain.csproj", "{3D4258AE-844A-4846-B1F9-82D83009D198}"
EndProject
Project("{9A19103F-16F7-4668-BE54-9A1E7A4F7556}") = "Planner.Common.Application", "Common\Planner.Common.Application\Planner.Common.Application.csproj", "{CE8E8837-349B-45A9-99AF-4D10AC7A5AD7}"
EndProject
Project("{9A19103F-16F7-4668-BE54-9A1E7A4F7556}") = "Planner.Common.Infrastructure", "Common\Planner.Common.Infrastructure\Planner.Common.Infrastructure.csproj", "{78FAA1DD-1BE7-422A-A27C-C2E59C8E7B3F}"
EndProject
Project("{FAE04EC0-301F-11D3-BF4B-00C04F79EFBC}") = "Planner.Common.Presentation", "Common\Planner.Common.Presentation\Planner.Common.Presentation.csproj", "{A3D562BA-7342-49D8-9DC4-297C9BCFE2DA}"
EndProject
Project("{FAE04EC0-301F-11D3-BF4B-00C04F79EFBC}") = "Planner.TelegramIntegration", "API\Planner.TelegramIntegration\Planner.TelegramIntegration.csproj", "{05D87D37-043B-4F19-83CF-25A64D08FAD5}"
EndProject
Global
	GlobalSection(SolutionConfigurationPlatforms) = preSolution
		Debug|Any CPU = Debug|Any CPU
		Release|Any CPU = Release|Any CPU
	EndGlobalSection
	GlobalSection(ProjectConfigurationPlatforms) = postSolution
		{2703DF72-6C7C-402A-9FEF-D7ABB6066C60}.Debug|Any CPU.ActiveCfg = Debug|Any CPU
		{2703DF72-6C7C-402A-9FEF-D7ABB6066C60}.Debug|Any CPU.Build.0 = Debug|Any CPU
		{2703DF72-6C7C-402A-9FEF-D7ABB6066C60}.Release|Any CPU.ActiveCfg = Release|Any CPU
		{2703DF72-6C7C-402A-9FEF-D7ABB6066C60}.Release|Any CPU.Build.0 = Release|Any CPU
		{E03BFF88-6C46-45AB-8373-AD32AEA83A78}.Debug|Any CPU.ActiveCfg = Debug|Any CPU
		{E03BFF88-6C46-45AB-8373-AD32AEA83A78}.Debug|Any CPU.Build.0 = Debug|Any CPU
		{E03BFF88-6C46-45AB-8373-AD32AEA83A78}.Release|Any CPU.ActiveCfg = Release|Any CPU
		{E03BFF88-6C46-45AB-8373-AD32AEA83A78}.Release|Any CPU.Build.0 = Release|Any CPU
		{27137B49-20C6-4685-B83B-0FD93D749813}.Debug|Any CPU.ActiveCfg = Debug|Any CPU
		{27137B49-20C6-4685-B83B-0FD93D749813}.Debug|Any CPU.Build.0 = Debug|Any CPU
		{27137B49-20C6-4685-B83B-0FD93D749813}.Release|Any CPU.ActiveCfg = Release|Any CPU
		{27137B49-20C6-4685-B83B-0FD93D749813}.Release|Any CPU.Build.0 = Release|Any CPU
		{5F4248B5-C52F-41F2-B190-BEC5E6AD9591}.Debug|Any CPU.ActiveCfg = Debug|Any CPU
		{5F4248B5-C52F-41F2-B190-BEC5E6AD9591}.Debug|Any CPU.Build.0 = Debug|Any CPU
		{5F4248B5-C52F-41F2-B190-BEC5E6AD9591}.Release|Any CPU.ActiveCfg = Release|Any CPU
		{5F4248B5-C52F-41F2-B190-BEC5E6AD9591}.Release|Any CPU.Build.0 = Release|Any CPU
		{9EA59FD0-34D9-4824-BBE1-46CC85B30A0E}.Debug|Any CPU.ActiveCfg = Debug|Any CPU
		{9EA59FD0-34D9-4824-BBE1-46CC85B30A0E}.Debug|Any CPU.Build.0 = Debug|Any CPU
		{9EA59FD0-34D9-4824-BBE1-46CC85B30A0E}.Release|Any CPU.ActiveCfg = Release|Any CPU
		{9EA59FD0-34D9-4824-BBE1-46CC85B30A0E}.Release|Any CPU.Build.0 = Release|Any CPU
		{839BDCBA-3BEA-490B-8049-6663D748909C}.Debug|Any CPU.ActiveCfg = Debug|Any CPU
		{839BDCBA-3BEA-490B-8049-6663D748909C}.Debug|Any CPU.Build.0 = Debug|Any CPU
		{839BDCBA-3BEA-490B-8049-6663D748909C}.Release|Any CPU.ActiveCfg = Release|Any CPU
		{839BDCBA-3BEA-490B-8049-6663D748909C}.Release|Any CPU.Build.0 = Release|Any CPU
		{3D4258AE-844A-4846-B1F9-82D83009D198}.Debug|Any CPU.ActiveCfg = Debug|Any CPU
		{3D4258AE-844A-4846-B1F9-82D83009D198}.Debug|Any CPU.Build.0 = Debug|Any CPU
		{3D4258AE-844A-4846-B1F9-82D83009D198}.Release|Any CPU.ActiveCfg = Release|Any CPU
		{3D4258AE-844A-4846-B1F9-82D83009D198}.Release|Any CPU.Build.0 = Release|Any CPU
		{CE8E8837-349B-45A9-99AF-4D10AC7A5AD7}.Debug|Any CPU.ActiveCfg = Debug|Any CPU
		{CE8E8837-349B-45A9-99AF-4D10AC7A5AD7}.Debug|Any CPU.Build.0 = Debug|Any CPU
		{CE8E8837-349B-45A9-99AF-4D10AC7A5AD7}.Release|Any CPU.ActiveCfg = Release|Any CPU
		{CE8E8837-349B-45A9-99AF-4D10AC7A5AD7}.Release|Any CPU.Build.0 = Release|Any CPU
		{78FAA1DD-1BE7-422A-A27C-C2E59C8E7B3F}.Debug|Any CPU.ActiveCfg = Debug|Any CPU
		{78FAA1DD-1BE7-422A-A27C-C2E59C8E7B3F}.Debug|Any CPU.Build.0 = Debug|Any CPU
		{78FAA1DD-1BE7-422A-A27C-C2E59C8E7B3F}.Release|Any CPU.ActiveCfg = Release|Any CPU
		{78FAA1DD-1BE7-422A-A27C-C2E59C8E7B3F}.Release|Any CPU.Build.0 = Release|Any CPU
		{A3D562BA-7342-49D8-9DC4-297C9BCFE2DA}.Debug|Any CPU.ActiveCfg = Debug|Any CPU
		{A3D562BA-7342-49D8-9DC4-297C9BCFE2DA}.Debug|Any CPU.Build.0 = Debug|Any CPU
		{A3D562BA-7342-49D8-9DC4-297C9BCFE2DA}.Release|Any CPU.ActiveCfg = Release|Any CPU
		{A3D562BA-7342-49D8-9DC4-297C9BCFE2DA}.Release|Any CPU.Build.0 = Release|Any CPU
		{05D87D37-043B-4F19-83CF-25A64D08FAD5}.Debug|Any CPU.ActiveCfg = Debug|Any CPU
		{05D87D37-043B-4F19-83CF-25A64D08FAD5}.Debug|Any CPU.Build.0 = Debug|Any CPU
		{05D87D37-043B-4F19-83CF-25A64D08FAD5}.Release|Any CPU.ActiveCfg = Release|Any CPU
		{05D87D37-043B-4F19-83CF-25A64D08FAD5}.Release|Any CPU.Build.0 = Release|Any CPU
	EndGlobalSection
	GlobalSection(SolutionProperties) = preSolution
		HideSolutionNode = FALSE
	EndGlobalSection
	GlobalSection(NestedProjects) = preSolution
		{FEF37303-6B23-41A3-A77F-6630A8A4515D} = {352028B1-9BD1-4CB6-8897-81FFF2065415}
		{2703DF72-6C7C-402A-9FEF-D7ABB6066C60} = {FEF37303-6B23-41A3-A77F-6630A8A4515D}
		{E03BFF88-6C46-45AB-8373-AD32AEA83A78} = {FEF37303-6B23-41A3-A77F-6630A8A4515D}
		{27137B49-20C6-4685-B83B-0FD93D749813} = {FEF37303-6B23-41A3-A77F-6630A8A4515D}
		{5F4248B5-C52F-41F2-B190-BEC5E6AD9591} = {FEF37303-6B23-41A3-A77F-6630A8A4515D}
		{839BDCBA-3BEA-490B-8049-6663D748909C} = {A06C3307-70EB-430E-8049-7FBE19916A0B}
		{3D4258AE-844A-4846-B1F9-82D83009D198} = {4C5BE2DF-3F7A-48DD-8AD8-F8FF18D702B7}
		{CE8E8837-349B-45A9-99AF-4D10AC7A5AD7} = {4C5BE2DF-3F7A-48DD-8AD8-F8FF18D702B7}
		{78FAA1DD-1BE7-422A-A27C-C2E59C8E7B3F} = {4C5BE2DF-3F7A-48DD-8AD8-F8FF18D702B7}
		{A3D562BA-7342-49D8-9DC4-297C9BCFE2DA} = {4C5BE2DF-3F7A-48DD-8AD8-F8FF18D702B7}
		{05D87D37-043B-4F19-83CF-25A64D08FAD5} = {A06C3307-70EB-430E-8049-7FBE19916A0B}
	EndGlobalSection
	GlobalSection(ExtensibilityGlobals) = postSolution
		SolutionGuid = {C00C1561-5A58-4861-9660-C9693EC7A80D}
	EndGlobalSection
EndGlobal
