
Microsoft Visual Studio Solution File, Format Version 12.00
Project("{FAE04EC0-301F-11D3-BF4B-00C04F79EFBC}") = "TaskTracker.Presentation.Api", "TaskTracker.Presentation\TaskTracker.Presentation.Api\TaskTracker.Presentation.Api.csproj", "{D880BE91-6BF7-40E5-8D38-B33102F6E19A}"
EndProject
Project("{2150E333-8FDC-42A3-9474-1A3956D46DE8}") = "TaskTracker.Presentation", "TaskTracker.Presentation", "{ADF0D06E-D6C4-4BC7-8C2B-F07FEED5DE48}"
EndProject
Project("{2150E333-8FDC-42A3-9474-1A3956D46DE8}") = "TaskTracker.Core", "TaskTracker.Core", "{AFC9CBA0-C932-49A1-8C2F-E1192A9CF3ED}"
EndProject
Project("{FAE04EC0-301F-11D3-BF4B-00C04F79EFBC}") = "TaskTracker.Core.Domain", "TaskTracker.Core\TaskTracker.Core.Domain\TaskTracker.Core.Domain.csproj", "{07043839-E542-4FE9-8DE0-BC1C6A5E13C8}"
EndProject
Project("{FAE04EC0-301F-11D3-BF4B-00C04F79EFBC}") = "TaskTracker.Core.Application", "TaskTracker.Core\TaskTracker.Core.Application\TaskTracker.Core.Application.csproj", "{E1A6DC51-DA1F-4FCD-BCFB-ECE39DBE3E1D}"
EndProject
Project("{2150E333-8FDC-42A3-9474-1A3956D46DE8}") = "TaskTracker.Infrastructure", "TaskTracker.Infrastructure", "{68F93169-5022-4754-AF52-476A92532EB7}"
EndProject
Project("{FAE04EC0-301F-11D3-BF4B-00C04F79EFBC}") = "TaskTracker.Infrastructure.Persistence", "TaskTracker.Infrastructure\TaskTracker.Infrastructure.Persistence\TaskTracker.Infrastructure.Persistence.csproj", "{E6EEEB9B-73E2-4807-956C-5B1845CBA5EC}"
EndProject
Global
	GlobalSection(SolutionConfigurationPlatforms) = preSolution
		Debug|Any CPU = Debug|Any CPU
		Release|Any CPU = Release|Any CPU
	EndGlobalSection
	GlobalSection(ProjectConfigurationPlatforms) = postSolution
		{D880BE91-6BF7-40E5-8D38-B33102F6E19A}.Debug|Any CPU.ActiveCfg = Debug|Any CPU
		{D880BE91-6BF7-40E5-8D38-B33102F6E19A}.Debug|Any CPU.Build.0 = Debug|Any CPU
		{D880BE91-6BF7-40E5-8D38-B33102F6E19A}.Release|Any CPU.ActiveCfg = Release|Any CPU
		{D880BE91-6BF7-40E5-8D38-B33102F6E19A}.Release|Any CPU.Build.0 = Release|Any CPU
		{07043839-E542-4FE9-8DE0-BC1C6A5E13C8}.Debug|Any CPU.ActiveCfg = Debug|Any CPU
		{07043839-E542-4FE9-8DE0-BC1C6A5E13C8}.Debug|Any CPU.Build.0 = Debug|Any CPU
		{07043839-E542-4FE9-8DE0-BC1C6A5E13C8}.Release|Any CPU.ActiveCfg = Release|Any CPU
		{07043839-E542-4FE9-8DE0-BC1C6A5E13C8}.Release|Any CPU.Build.0 = Release|Any CPU
		{E1A6DC51-DA1F-4FCD-BCFB-ECE39DBE3E1D}.Debug|Any CPU.ActiveCfg = Debug|Any CPU
		{E1A6DC51-DA1F-4FCD-BCFB-ECE39DBE3E1D}.Debug|Any CPU.Build.0 = Debug|Any CPU
		{E1A6DC51-DA1F-4FCD-BCFB-ECE39DBE3E1D}.Release|Any CPU.ActiveCfg = Release|Any CPU
		{E1A6DC51-DA1F-4FCD-BCFB-ECE39DBE3E1D}.Release|Any CPU.Build.0 = Release|Any CPU
		{E6EEEB9B-73E2-4807-956C-5B1845CBA5EC}.Debug|Any CPU.ActiveCfg = Debug|Any CPU
		{E6EEEB9B-73E2-4807-956C-5B1845CBA5EC}.Debug|Any CPU.Build.0 = Debug|Any CPU
		{E6EEEB9B-73E2-4807-956C-5B1845CBA5EC}.Release|Any CPU.ActiveCfg = Release|Any CPU
		{E6EEEB9B-73E2-4807-956C-5B1845CBA5EC}.Release|Any CPU.Build.0 = Release|Any CPU
	EndGlobalSection
	GlobalSection(NestedProjects) = preSolution
		{D880BE91-6BF7-40E5-8D38-B33102F6E19A} = {ADF0D06E-D6C4-4BC7-8C2B-F07FEED5DE48}
		{07043839-E542-4FE9-8DE0-BC1C6A5E13C8} = {AFC9CBA0-C932-49A1-8C2F-E1192A9CF3ED}
		{E1A6DC51-DA1F-4FCD-BCFB-ECE39DBE3E1D} = {AFC9CBA0-C932-49A1-8C2F-E1192A9CF3ED}
		{E6EEEB9B-73E2-4807-956C-5B1845CBA5EC} = {68F93169-5022-4754-AF52-476A92532EB7}
	EndGlobalSection
EndGlobal
